
Microsoft Visual Studio Solution File, Format Version 12.00
# Visual Studio Version 17
VisualStudioVersion = 17.1.32210.238
MinimumVisualStudioVersion = 10.0.40219.1
Project("{FAE04EC0-301F-11D3-BF4B-00C04F79EFBC}") = "TestBarCode2", "TestBarCode2\TestBarCode2.csproj", "{C9061860-625F-471E-9E4A-6AF0CFB0897F}"
EndProject
Global
	GlobalSection(SolutionConfigurationPlatforms) = preSolution
		Debug|Any CPU = Debug|Any CPU
		Release|Any CPU = Release|Any CPU
	EndGlobalSection
	GlobalSection(ProjectConfigurationPlatforms) = postSolution
		{C9061860-625F-471E-9E4A-6AF0CFB0897F}.Debug|Any CPU.ActiveCfg = Debug|Any CPU
		{C9061860-625F-471E-9E4A-6AF0CFB0897F}.Debug|Any CPU.Build.0 = Debug|Any CPU
		{C9061860-625F-471E-9E4A-6AF0CFB0897F}.Release|Any CPU.ActiveCfg = Release|Any CPU
		{C9061860-625F-471E-9E4A-6AF0CFB0897F}.Release|Any CPU.Build.0 = Release|Any CPU
	EndGlobalSection
	GlobalSection(SolutionProperties) = preSolution
		HideSolutionNode = FALSE
	EndGlobalSection
	GlobalSection(ExtensibilityGlobals) = postSolution
		SolutionGuid = {0571523F-D63F-48E3-803E-9DA59159A0D1}
	EndGlobalSection
EndGlobal
